
Microsoft Visual Studio Solution File, Format Version 12.00
# Visual Studio Version 16
VisualStudioVersion = 16.0.29613.14
MinimumVisualStudioVersion = 10.0.40219.1
Project("{2150E333-8FDC-42A3-9474-1A3956D46DE8}") = "Source", "Source", "{00D98460-BEAB-48B2-B9BA-5C4E895D97B8}"
EndProject
Project("{2150E333-8FDC-42A3-9474-1A3956D46DE8}") = "Test", "Test", "{AD40F514-EC5A-48E0-8511-B00FE36078B6}"
EndProject
Project("{9A19103F-16F7-4668-BE54-9A1E7A4F7556}") = "ComfyBot.Application", "Source\ComfyBot.Application\ComfyBot.Application.csproj", "{8A0592DC-C4B7-46DE-ABE4-828D991AEB6E}"
EndProject
Project("{9A19103F-16F7-4668-BE54-9A1E7A4F7556}") = "ComfyBot.Bot", "Source\ComfyBot.Bot\ComfyBot.Bot.csproj", "{46FE2930-1059-425D-9AD5-FB617F48152A}"
EndProject
Project("{9A19103F-16F7-4668-BE54-9A1E7A4F7556}") = "ComfyBot.Data", "Source\ComfyBot.Data\ComfyBot.Data.csproj", "{AC670CDB-F9C7-4C1C-98D1-42D676851939}"
EndProject
Project("{9A19103F-16F7-4668-BE54-9A1E7A4F7556}") = "ComfyBot.Bot.Tests", "Test\ComfyBot.Bot.Tests\ComfyBot.Bot.Tests.csproj", "{1DECA2E9-6939-45C8-B9CF-E0D3E716949C}"
EndProject
Project("{9A19103F-16F7-4668-BE54-9A1E7A4F7556}") = "ComfyBot.Settings", "Source\ComfyBot.Settings\ComfyBot.Settings.csproj", "{EA894A5F-91F4-426E-BBC5-516471AB7E40}"
EndProject
Project("{9A19103F-16F7-4668-BE54-9A1E7A4F7556}") = "ComfyBot.Data.Tests", "Test\ComfyBot.Data.Tests\ComfyBot.Data.Tests.csproj", "{53509EFA-D51D-44A6-BF86-B4FB4316DC55}"
EndProject
Project("{9A19103F-16F7-4668-BE54-9A1E7A4F7556}") = "ComfyBot.Application.Tests", "Test\ComfyBot.Application.Tests\ComfyBot.Application.Tests.csproj", "{3A959438-13B2-426C-BF14-CFFFCA627611}"
EndProject
Global
	GlobalSection(SolutionConfigurationPlatforms) = preSolution
		Debug|Any CPU = Debug|Any CPU
		Release|Any CPU = Release|Any CPU
	EndGlobalSection
	GlobalSection(ProjectConfigurationPlatforms) = postSolution
		{8A0592DC-C4B7-46DE-ABE4-828D991AEB6E}.Debug|Any CPU.ActiveCfg = Debug|Any CPU
		{8A0592DC-C4B7-46DE-ABE4-828D991AEB6E}.Debug|Any CPU.Build.0 = Debug|Any CPU
		{8A0592DC-C4B7-46DE-ABE4-828D991AEB6E}.Release|Any CPU.ActiveCfg = Release|Any CPU
		{8A0592DC-C4B7-46DE-ABE4-828D991AEB6E}.Release|Any CPU.Build.0 = Release|Any CPU
		{46FE2930-1059-425D-9AD5-FB617F48152A}.Debug|Any CPU.ActiveCfg = Debug|Any CPU
		{46FE2930-1059-425D-9AD5-FB617F48152A}.Debug|Any CPU.Build.0 = Debug|Any CPU
		{46FE2930-1059-425D-9AD5-FB617F48152A}.Release|Any CPU.ActiveCfg = Release|Any CPU
		{46FE2930-1059-425D-9AD5-FB617F48152A}.Release|Any CPU.Build.0 = Release|Any CPU
		{AC670CDB-F9C7-4C1C-98D1-42D676851939}.Debug|Any CPU.ActiveCfg = Debug|Any CPU
		{AC670CDB-F9C7-4C1C-98D1-42D676851939}.Debug|Any CPU.Build.0 = Debug|Any CPU
		{AC670CDB-F9C7-4C1C-98D1-42D676851939}.Release|Any CPU.ActiveCfg = Release|Any CPU
		{AC670CDB-F9C7-4C1C-98D1-42D676851939}.Release|Any CPU.Build.0 = Release|Any CPU
		{1DECA2E9-6939-45C8-B9CF-E0D3E716949C}.Debug|Any CPU.ActiveCfg = Debug|Any CPU
		{1DECA2E9-6939-45C8-B9CF-E0D3E716949C}.Debug|Any CPU.Build.0 = Debug|Any CPU
		{1DECA2E9-6939-45C8-B9CF-E0D3E716949C}.Release|Any CPU.ActiveCfg = Release|Any CPU
		{1DECA2E9-6939-45C8-B9CF-E0D3E716949C}.Release|Any CPU.Build.0 = Release|Any CPU
		{EA894A5F-91F4-426E-BBC5-516471AB7E40}.Debug|Any CPU.ActiveCfg = Debug|Any CPU
		{EA894A5F-91F4-426E-BBC5-516471AB7E40}.Debug|Any CPU.Build.0 = Debug|Any CPU
		{EA894A5F-91F4-426E-BBC5-516471AB7E40}.Release|Any CPU.ActiveCfg = Release|Any CPU
		{EA894A5F-91F4-426E-BBC5-516471AB7E40}.Release|Any CPU.Build.0 = Release|Any CPU
		{53509EFA-D51D-44A6-BF86-B4FB4316DC55}.Debug|Any CPU.ActiveCfg = Debug|Any CPU
		{53509EFA-D51D-44A6-BF86-B4FB4316DC55}.Debug|Any CPU.Build.0 = Debug|Any CPU
		{53509EFA-D51D-44A6-BF86-B4FB4316DC55}.Release|Any CPU.ActiveCfg = Release|Any CPU
		{53509EFA-D51D-44A6-BF86-B4FB4316DC55}.Release|Any CPU.Build.0 = Release|Any CPU
		{3A959438-13B2-426C-BF14-CFFFCA627611}.Debug|Any CPU.ActiveCfg = Debug|Any CPU
		{3A959438-13B2-426C-BF14-CFFFCA627611}.Debug|Any CPU.Build.0 = Debug|Any CPU
		{3A959438-13B2-426C-BF14-CFFFCA627611}.Release|Any CPU.ActiveCfg = Release|Any CPU
		{3A959438-13B2-426C-BF14-CFFFCA627611}.Release|Any CPU.Build.0 = Release|Any CPU
	EndGlobalSection
	GlobalSection(SolutionProperties) = preSolution
		HideSolutionNode = FALSE
	EndGlobalSection
	GlobalSection(NestedProjects) = preSolution
		{8A0592DC-C4B7-46DE-ABE4-828D991AEB6E} = {00D98460-BEAB-48B2-B9BA-5C4E895D97B8}
		{46FE2930-1059-425D-9AD5-FB617F48152A} = {00D98460-BEAB-48B2-B9BA-5C4E895D97B8}
		{AC670CDB-F9C7-4C1C-98D1-42D676851939} = {00D98460-BEAB-48B2-B9BA-5C4E895D97B8}
		{1DECA2E9-6939-45C8-B9CF-E0D3E716949C} = {AD40F514-EC5A-48E0-8511-B00FE36078B6}
		{EA894A5F-91F4-426E-BBC5-516471AB7E40} = {00D98460-BEAB-48B2-B9BA-5C4E895D97B8}
		{53509EFA-D51D-44A6-BF86-B4FB4316DC55} = {AD40F514-EC5A-48E0-8511-B00FE36078B6}
		{3A959438-13B2-426C-BF14-CFFFCA627611} = {AD40F514-EC5A-48E0-8511-B00FE36078B6}
	EndGlobalSection
	GlobalSection(ExtensibilityGlobals) = postSolution
		SolutionGuid = {9092E7F8-89E4-485C-9219-FA8555C665D4}
	EndGlobalSection
EndGlobal
